
Microsoft Visual Studio Solution File, Format Version 12.00
# Visual Studio 15
VisualStudioVersion = 15.0.27703.2035
MinimumVisualStudioVersion = 10.0.40219.1
Project("{FAE04EC0-301F-11D3-BF4B-00C04F79EFBC}") = "Final", "Final.csproj", "{278D58D4-DE3B-4C15-B594-54B05F292A63}"
EndProject
Global
	GlobalSection(SolutionConfigurationPlatforms) = preSolution
		Debug|Any CPU = Debug|Any CPU
		Release|Any CPU = Release|Any CPU
	EndGlobalSection
	GlobalSection(ProjectConfigurationPlatforms) = postSolution
		{278D58D4-DE3B-4C15-B594-54B05F292A63}.Debug|Any CPU.ActiveCfg = Debug|Any CPU
		{278D58D4-DE3B-4C15-B594-54B05F292A63}.Debug|Any CPU.Build.0 = Debug|Any CPU
		{278D58D4-DE3B-4C15-B594-54B05F292A63}.Release|Any CPU.ActiveCfg = Release|Any CPU
		{278D58D4-DE3B-4C15-B594-54B05F292A63}.Release|Any CPU.Build.0 = Release|Any CPU
	EndGlobalSection
	GlobalSection(SolutionProperties) = preSolution
		HideSolutionNode = FALSE
	EndGlobalSection
	GlobalSection(ExtensibilityGlobals) = postSolution
		SolutionGuid = {8EF3B63F-0BD0-48D6-95FA-DF8B459318E1}
	EndGlobalSection
EndGlobal
